// !$*UTF8*$!
{
	archiveVersion = 1;
	classes = {
	};
	objectVersion = 46;
	objects = {

/* Begin PBXAggregateTarget section */
		991C4DC71573E91600CC43F3 /* Process Build Numbers */ = {
			isa = PBXAggregateTarget;
			buildConfigurationList = 991C4DC81573E91600CC43F3 /* Build configuration list for PBXAggregateTarget "Process Build Numbers" */;
			buildPhases = (
				991C4DCB1573E91C00CC43F3 /* ShellScript */,
			);
			dependencies = (
			);
			name = "Process Build Numbers";
			productName = "Process Build Numbers";
		};
/* End PBXAggregateTarget section */

/* Begin PBXBuildFile section */
		8DC2EF530486A6940098B216 /* InfoPlist.strings in Resources */ = {isa = PBXBuildFile; fileRef = 089C1666FE841158C02AAC07 /* InfoPlist.strings */; };
		8DC2EF570486A6940098B216 /* Cocoa.framework in Frameworks */ = {isa = PBXBuildFile; fileRef = 1058C7B1FEA5585E11CA2CBB /* Cocoa.framework */; };
		991C4DB51573D59100CC43F3 /* OCHamcrest.framework in Frameworks */ = {isa = PBXBuildFile; fileRef = 991C4DB31573D58100CC43F3 /* OCHamcrest.framework */; };
		991C4DB71573D5B500CC43F3 /* OCHamcrest.framework in CopyFiles */ = {isa = PBXBuildFile; fileRef = 991C4DB31573D58100CC43F3 /* OCHamcrest.framework */; };
		991C4DC41573E55F00CC43F3 /* M3JSONStoreTests.m in Sources */ = {isa = PBXBuildFile; fileRef = 991C4DC31573E55F00CC43F3 /* M3JSONStoreTests.m */; };
		991C54AF136853CD007E307A /* M3CoreData.framework in Frameworks */ = {isa = PBXBuildFile; fileRef = 8DC2EF5B0486A6940098B216 /* M3CoreData.framework */; };
		9972E45D11B7EEE300E322E5 /* M3CoreDataManager.h in Headers */ = {isa = PBXBuildFile; fileRef = 9972E45B11B7EEE300E322E5 /* M3CoreDataManager.h */; settings = {ATTRIBUTES = (Public, ); }; };
		9972E45E11B7EEE300E322E5 /* M3CoreDataManager.m in Sources */ = {isa = PBXBuildFile; fileRef = 9972E45C11B7EEE300E322E5 /* M3CoreDataManager.m */; };
		99A8969A136DA04300757DE5 /* M3FixtureController.h in Headers */ = {isa = PBXBuildFile; fileRef = 99A89696136DA04300757DE5 /* M3FixtureController.h */; settings = {ATTRIBUTES = (Public, ); }; };
		99A8969B136DA04300757DE5 /* M3FixtureController.m in Sources */ = {isa = PBXBuildFile; fileRef = 99A89697136DA04300757DE5 /* M3FixtureController.m */; };
		99A8969C136DA04300757DE5 /* M3JSONStore.h in Headers */ = {isa = PBXBuildFile; fileRef = 99A89698136DA04300757DE5 /* M3JSONStore.h */; };
		99A8969D136DA04300757DE5 /* M3JSONStore.m in Sources */ = {isa = PBXBuildFile; fileRef = 99A89699136DA04300757DE5 /* M3JSONStore.m */; };
		99B68A7812B4EDC9008E12F3 /* NSManagedObjectContext+M3Extensions.h in Headers */ = {isa = PBXBuildFile; fileRef = 99B68A7612B4EDC9008E12F3 /* NSManagedObjectContext+M3Extensions.h */; settings = {ATTRIBUTES = (Public, ); }; };
		99B68A7912B4EDC9008E12F3 /* NSManagedObjectContext+M3Extensions.m in Sources */ = {isa = PBXBuildFile; fileRef = 99B68A7712B4EDC9008E12F3 /* NSManagedObjectContext+M3Extensions.m */; };
		99C3A0431572B8D100A6CAD5 /* M3CoreDataConstants.h in Headers */ = {isa = PBXBuildFile; fileRef = 99C3A0411572B8D100A6CAD5 /* M3CoreDataConstants.h */; settings = {ATTRIBUTES = (Public, ); }; };
		99C3A0441572B8D100A6CAD5 /* M3CoreDataConstants.m in Sources */ = {isa = PBXBuildFile; fileRef = 99C3A0421572B8D100A6CAD5 /* M3CoreDataConstants.m */; };
		99EB5D0C1368387A001094BF /* M3JSONAtomicStore.h in Headers */ = {isa = PBXBuildFile; fileRef = 99EB5D0A1368387A001094BF /* M3JSONAtomicStore.h */; settings = {ATTRIBUTES = (Public, ); }; };
		99EB5D0D1368387A001094BF /* M3JSONAtomicStore.m in Sources */ = {isa = PBXBuildFile; fileRef = 99EB5D0B1368387A001094BF /* M3JSONAtomicStore.m */; };
		99EB5D1613683B2B001094BF /* Cocoa.framework in Frameworks */ = {isa = PBXBuildFile; fileRef = 99EB5D1513683B2B001094BF /* Cocoa.framework */; };
		99EB5D2013683B2B001094BF /* InfoPlist.strings in Resources */ = {isa = PBXBuildFile; fileRef = 99EB5D1E13683B2B001094BF /* InfoPlist.strings */; };
		99EB5D2B13683BB7001094BF /* M3JSONAtomicStoreTests.m in Sources */ = {isa = PBXBuildFile; fileRef = 99EB5D2A13683BB7001094BF /* M3JSONAtomicStoreTests.m */; };
		99EB5D701368405C001094BF /* _CDataScanner.h in Headers */ = {isa = PBXBuildFile; fileRef = 99EB5D5A1368405C001094BF /* _CDataScanner.h */; };
		99EB5D711368405C001094BF /* _CDataScanner.m in Sources */ = {isa = PBXBuildFile; fileRef = 99EB5D5B1368405C001094BF /* _CDataScanner.m */; settings = {COMPILER_FLAGS = "-fno-objc-arc"; }; };
		99EB5D721368405C001094BF /* CDataScanner_Extensions.h in Headers */ = {isa = PBXBuildFile; fileRef = 99EB5D5D1368405C001094BF /* CDataScanner_Extensions.h */; };
		99EB5D731368405C001094BF /* CDataScanner_Extensions.m in Sources */ = {isa = PBXBuildFile; fileRef = 99EB5D5E1368405C001094BF /* CDataScanner_Extensions.m */; settings = {COMPILER_FLAGS = "-fno-objc-arc"; }; };
		99EB5D741368405C001094BF /* NSCharacterSet_Extensions.h in Headers */ = {isa = PBXBuildFile; fileRef = 99EB5D5F1368405C001094BF /* NSCharacterSet_Extensions.h */; };
		99EB5D751368405C001094BF /* NSCharacterSet_Extensions.m in Sources */ = {isa = PBXBuildFile; fileRef = 99EB5D601368405C001094BF /* NSCharacterSet_Extensions.m */; settings = {COMPILER_FLAGS = "-fno-objc-arc"; }; };
		99EB5D781368405C001094BF /* NSScanner_Extensions.h in Headers */ = {isa = PBXBuildFile; fileRef = 99EB5D631368405C001094BF /* NSScanner_Extensions.h */; };
		99EB5D791368405C001094BF /* NSScanner_Extensions.m in Sources */ = {isa = PBXBuildFile; fileRef = 99EB5D641368405C001094BF /* NSScanner_Extensions.m */; settings = {COMPILER_FLAGS = "-fno-objc-arc"; }; };
		99EB5D7A1368405C001094BF /* _CJSONDataSerializer.h in Headers */ = {isa = PBXBuildFile; fileRef = 99EB5D661368405C001094BF /* _CJSONDataSerializer.h */; };
		99EB5D7B1368405C001094BF /* _CJSONDataSerializer.m in Sources */ = {isa = PBXBuildFile; fileRef = 99EB5D671368405C001094BF /* _CJSONDataSerializer.m */; settings = {COMPILER_FLAGS = "-fno-objc-arc"; }; };
		99EB5D7C1368405C001094BF /* _CJSONDeserializer.h in Headers */ = {isa = PBXBuildFile; fileRef = 99EB5D681368405C001094BF /* _CJSONDeserializer.h */; };
		99EB5D7D1368405C001094BF /* _CJSONDeserializer.m in Sources */ = {isa = PBXBuildFile; fileRef = 99EB5D691368405C001094BF /* _CJSONDeserializer.m */; settings = {COMPILER_FLAGS = "-fno-objc-arc"; }; };
		99EB5D7E1368405C001094BF /* _CJSONScanner.h in Headers */ = {isa = PBXBuildFile; fileRef = 99EB5D6A1368405C001094BF /* _CJSONScanner.h */; };
		99EB5D7F1368405C001094BF /* _CJSONScanner.m in Sources */ = {isa = PBXBuildFile; fileRef = 99EB5D6B1368405C001094BF /* _CJSONScanner.m */; settings = {COMPILER_FLAGS = "-fno-objc-arc"; }; };
		99EB5D801368405C001094BF /* _CJSONSerializer.h in Headers */ = {isa = PBXBuildFile; fileRef = 99EB5D6C1368405C001094BF /* _CJSONSerializer.h */; };
		99EB5D811368405C001094BF /* _CJSONSerializer.m in Sources */ = {isa = PBXBuildFile; fileRef = 99EB5D6D1368405C001094BF /* _CJSONSerializer.m */; settings = {COMPILER_FLAGS = "-fno-objc-arc"; }; };
		99EB5D821368405D001094BF /* _CSerializedJSONData.h in Headers */ = {isa = PBXBuildFile; fileRef = 99EB5D6E1368405C001094BF /* _CSerializedJSONData.h */; };
		99EB5D831368405D001094BF /* _CSerializedJSONData.m in Sources */ = {isa = PBXBuildFile; fileRef = 99EB5D6F1368405C001094BF /* _CSerializedJSONData.m */; settings = {COMPILER_FLAGS = "-fno-objc-arc"; }; };
		99EC79E211D7C830002C472B /* M3CoreData.h in Headers */ = {isa = PBXBuildFile; fileRef = 99EC79E111D7C830002C472B /* M3CoreData.h */; settings = {ATTRIBUTES = (Public, ); }; };
		99FBCD21162588F80040801E /* M3FixtureControllerTests.m in Sources */ = {isa = PBXBuildFile; fileRef = 99FBCD20162588F80040801E /* M3FixtureControllerTests.m */; };
		99FBCD24162589120040801E /* NSManagedObjectContext+M3ExtensionsTests.m in Sources */ = {isa = PBXBuildFile; fileRef = 99FBCD23162589120040801E /* NSManagedObjectContext+M3ExtensionsTests.m */; };
		99FBCD27162589220040801E /* M3CoreDataManagerTests.m in Sources */ = {isa = PBXBuildFile; fileRef = 99FBCD26162589220040801E /* M3CoreDataManagerTests.m */; };
		99FBCD2E16259DD00040801E /* M3TestManagedObjectContext.m in Sources */ = {isa = PBXBuildFile; fileRef = 99FBCD2D16259DCF0040801E /* M3TestManagedObjectContext.m */; };
		99FBCD321625A3070040801E /* M3CustomManagedObject.m in Sources */ = {isa = PBXBuildFile; fileRef = 99FBCD311625A3070040801E /* M3CustomManagedObject.m */; };
/* End PBXBuildFile section */

/* Begin PBXContainerItemProxy section */
		991C4DC01573D8F300CC43F3 /* PBXContainerItemProxy */ = {
			isa = PBXContainerItemProxy;
			containerPortal = 0867D690FE84028FC02AAC07 /* Project object */;
			proxyType = 1;
			remoteGlobalIDString = 8DC2EF4F0486A6940098B216;
			remoteInfo = M3CoreData;
		};
		991C4DCC1573E96200CC43F3 /* PBXContainerItemProxy */ = {
			isa = PBXContainerItemProxy;
			containerPortal = 0867D690FE84028FC02AAC07 /* Project object */;
			proxyType = 1;
			remoteGlobalIDString = 991C4DC71573E91600CC43F3;
			remoteInfo = "Process Build Numbers";
		};
/* End PBXContainerItemProxy section */

/* Begin PBXCopyFilesBuildPhase section */
		991C4DB61573D5AD00CC43F3 /* CopyFiles */ = {
			isa = PBXCopyFilesBuildPhase;
			buildActionMask = 2147483647;
			dstPath = "";
			dstSubfolderSpec = 16;
			files = (
				991C4DB71573D5B500CC43F3 /* OCHamcrest.framework in CopyFiles */,
			);
			runOnlyForDeploymentPostprocessing = 0;
		};
/* End PBXCopyFilesBuildPhase section */

/* Begin PBXFileReference section */
		0867D69BFE84028FC02AAC07 /* Foundation.framework */ = {isa = PBXFileReference; lastKnownFileType = wrapper.framework; name = Foundation.framework; path = /System/Library/Frameworks/Foundation.framework; sourceTree = "<absolute>"; };
		0867D6A5FE840307C02AAC07 /* AppKit.framework */ = {isa = PBXFileReference; lastKnownFileType = wrapper.framework; name = AppKit.framework; path = /System/Library/Frameworks/AppKit.framework; sourceTree = "<absolute>"; };
		089C1667FE841158C02AAC07 /* English */ = {isa = PBXFileReference; fileEncoding = 4; lastKnownFileType = text.plist.strings; name = English; path = English.lproj/InfoPlist.strings; sourceTree = "<group>"; };
		1058C7B1FEA5585E11CA2CBB /* Cocoa.framework */ = {isa = PBXFileReference; lastKnownFileType = wrapper.framework; name = Cocoa.framework; path = /System/Library/Frameworks/Cocoa.framework; sourceTree = "<absolute>"; };
		32DBCF5E0370ADEE00C91783 /* M3CoreData_Prefix.pch */ = {isa = PBXFileReference; fileEncoding = 4; lastKnownFileType = sourcecode.c.h; path = M3CoreData_Prefix.pch; sourceTree = "<group>"; };
		8DC2EF5A0486A6940098B216 /* Info.plist */ = {isa = PBXFileReference; fileEncoding = 4; lastKnownFileType = text.plist.xml; path = Info.plist; sourceTree = "<group>"; };
		8DC2EF5B0486A6940098B216 /* M3CoreData.framework */ = {isa = PBXFileReference; explicitFileType = wrapper.framework; includeInIndex = 0; path = M3CoreData.framework; sourceTree = BUILT_PRODUCTS_DIR; };
		991C4DB31573D58100CC43F3 /* OCHamcrest.framework */ = {isa = PBXFileReference; lastKnownFileType = wrapper.framework; path = OCHamcrest.framework; sourceTree = "<group>"; };
		991C4DC21573E55F00CC43F3 /* M3JSONStoreTests.h */ = {isa = PBXFileReference; fileEncoding = 4; lastKnownFileType = sourcecode.c.h; path = M3JSONStoreTests.h; sourceTree = "<group>"; };
		991C4DC31573E55F00CC43F3 /* M3JSONStoreTests.m */ = {isa = PBXFileReference; fileEncoding = 4; lastKnownFileType = sourcecode.c.objc; path = M3JSONStoreTests.m; sourceTree = "<group>"; };
		991C4DC51573E85700CC43F3 /* Info.plist.prefix */ = {isa = PBXFileReference; fileEncoding = 4; lastKnownFileType = text; path = Info.plist.prefix; sourceTree = "<group>"; };
		9972E45B11B7EEE300E322E5 /* M3CoreDataManager.h */ = {isa = PBXFileReference; fileEncoding = 4; lastKnownFileType = sourcecode.c.h; lineEnding = 0; path = M3CoreDataManager.h; sourceTree = "<group>"; xcLanguageSpecificationIdentifier = xcode.lang.objcpp; };
		9972E45C11B7EEE300E322E5 /* M3CoreDataManager.m */ = {isa = PBXFileReference; fileEncoding = 4; lastKnownFileType = sourcecode.c.objc; path = M3CoreDataManager.m; sourceTree = "<group>"; };
		99A89696136DA04300757DE5 /* M3FixtureController.h */ = {isa = PBXFileReference; fileEncoding = 4; lastKnownFileType = sourcecode.c.h; path = M3FixtureController.h; sourceTree = "<group>"; };
		99A89697136DA04300757DE5 /* M3FixtureController.m */ = {isa = PBXFileReference; fileEncoding = 4; lastKnownFileType = sourcecode.c.objc; path = M3FixtureController.m; sourceTree = "<group>"; };
		99A89698136DA04300757DE5 /* M3JSONStore.h */ = {isa = PBXFileReference; fileEncoding = 4; lastKnownFileType = sourcecode.c.h; path = M3JSONStore.h; sourceTree = "<group>"; };
		99A89699136DA04300757DE5 /* M3JSONStore.m */ = {isa = PBXFileReference; fileEncoding = 4; lastKnownFileType = sourcecode.c.objc; path = M3JSONStore.m; sourceTree = "<group>"; };
		99B68A7612B4EDC9008E12F3 /* NSManagedObjectContext+M3Extensions.h */ = {isa = PBXFileReference; fileEncoding = 4; lastKnownFileType = sourcecode.c.h; path = "NSManagedObjectContext+M3Extensions.h"; sourceTree = "<group>"; };
		99B68A7712B4EDC9008E12F3 /* NSManagedObjectContext+M3Extensions.m */ = {isa = PBXFileReference; fileEncoding = 4; lastKnownFileType = sourcecode.c.objc; path = "NSManagedObjectContext+M3Extensions.m"; sourceTree = "<group>"; };
		99C3A0411572B8D100A6CAD5 /* M3CoreDataConstants.h */ = {isa = PBXFileReference; fileEncoding = 4; lastKnownFileType = sourcecode.c.h; path = M3CoreDataConstants.h; sourceTree = "<group>"; };
		99C3A0421572B8D100A6CAD5 /* M3CoreDataConstants.m */ = {isa = PBXFileReference; fileEncoding = 4; lastKnownFileType = sourcecode.c.objc; path = M3CoreDataConstants.m; sourceTree = "<group>"; };
		99EB5D0A1368387A001094BF /* M3JSONAtomicStore.h */ = {isa = PBXFileReference; fileEncoding = 4; lastKnownFileType = sourcecode.c.h; path = M3JSONAtomicStore.h; sourceTree = "<group>"; };
		99EB5D0B1368387A001094BF /* M3JSONAtomicStore.m */ = {isa = PBXFileReference; fileEncoding = 4; lastKnownFileType = sourcecode.c.objc; path = M3JSONAtomicStore.m; sourceTree = "<group>"; };
		99EB5D1313683B2B001094BF /* M3CoreData Tests.octest */ = {isa = PBXFileReference; explicitFileType = wrapper.cfbundle; includeInIndex = 0; path = "M3CoreData Tests.octest"; sourceTree = BUILT_PRODUCTS_DIR; };
		99EB5D1513683B2B001094BF /* Cocoa.framework */ = {isa = PBXFileReference; lastKnownFileType = wrapper.framework; name = Cocoa.framework; path = System/Library/Frameworks/Cocoa.framework; sourceTree = SDKROOT; };
		99EB5D1813683B2B001094BF /* AppKit.framework */ = {isa = PBXFileReference; lastKnownFileType = wrapper.framework; name = AppKit.framework; path = System/Library/Frameworks/AppKit.framework; sourceTree = SDKROOT; };
		99EB5D1913683B2B001094BF /* CoreData.framework */ = {isa = PBXFileReference; lastKnownFileType = wrapper.framework; name = CoreData.framework; path = System/Library/Frameworks/CoreData.framework; sourceTree = SDKROOT; };
		99EB5D1A13683B2B001094BF /* Foundation.framework */ = {isa = PBXFileReference; lastKnownFileType = wrapper.framework; name = Foundation.framework; path = System/Library/Frameworks/Foundation.framework; sourceTree = SDKROOT; };
		99EB5D1D13683B2B001094BF /* M3CoreData Tests-Info.plist */ = {isa = PBXFileReference; lastKnownFileType = text.plist.xml; path = "M3CoreData Tests-Info.plist"; sourceTree = "<group>"; };
		99EB5D1F13683B2B001094BF /* en */ = {isa = PBXFileReference; lastKnownFileType = text.plist.strings; name = en; path = en.lproj/InfoPlist.strings; sourceTree = "<group>"; };
		99EB5D2113683B2B001094BF /* M3CoreData Tests-Prefix.pch */ = {isa = PBXFileReference; lastKnownFileType = sourcecode.c.h; path = "M3CoreData Tests-Prefix.pch"; sourceTree = "<group>"; };
		99EB5D2913683BB7001094BF /* M3JSONAtomicStoreTests.h */ = {isa = PBXFileReference; fileEncoding = 4; lastKnownFileType = sourcecode.c.h; path = M3JSONAtomicStoreTests.h; sourceTree = "<group>"; };
		99EB5D2A13683BB7001094BF /* M3JSONAtomicStoreTests.m */ = {isa = PBXFileReference; fileEncoding = 4; lastKnownFileType = sourcecode.c.objc; path = M3JSONAtomicStoreTests.m; sourceTree = "<group>"; };
		99EB5D5A1368405C001094BF /* _CDataScanner.h */ = {isa = PBXFileReference; fileEncoding = 4; lastKnownFileType = sourcecode.c.h; path = _CDataScanner.h; sourceTree = "<group>"; };
		99EB5D5B1368405C001094BF /* _CDataScanner.m */ = {isa = PBXFileReference; fileEncoding = 4; lastKnownFileType = sourcecode.c.objc; path = _CDataScanner.m; sourceTree = "<group>"; };
		99EB5D5D1368405C001094BF /* CDataScanner_Extensions.h */ = {isa = PBXFileReference; fileEncoding = 4; lastKnownFileType = sourcecode.c.h; path = CDataScanner_Extensions.h; sourceTree = "<group>"; };
		99EB5D5E1368405C001094BF /* CDataScanner_Extensions.m */ = {isa = PBXFileReference; fileEncoding = 4; lastKnownFileType = sourcecode.c.objc; path = CDataScanner_Extensions.m; sourceTree = "<group>"; };
		99EB5D5F1368405C001094BF /* NSCharacterSet_Extensions.h */ = {isa = PBXFileReference; fileEncoding = 4; lastKnownFileType = sourcecode.c.h; path = NSCharacterSet_Extensions.h; sourceTree = "<group>"; };
		99EB5D601368405C001094BF /* NSCharacterSet_Extensions.m */ = {isa = PBXFileReference; fileEncoding = 4; lastKnownFileType = sourcecode.c.objc; path = NSCharacterSet_Extensions.m; sourceTree = "<group>"; };
		99EB5D631368405C001094BF /* NSScanner_Extensions.h */ = {isa = PBXFileReference; fileEncoding = 4; lastKnownFileType = sourcecode.c.h; path = NSScanner_Extensions.h; sourceTree = "<group>"; };
		99EB5D641368405C001094BF /* NSScanner_Extensions.m */ = {isa = PBXFileReference; fileEncoding = 4; lastKnownFileType = sourcecode.c.objc; path = NSScanner_Extensions.m; sourceTree = "<group>"; };
		99EB5D661368405C001094BF /* _CJSONDataSerializer.h */ = {isa = PBXFileReference; fileEncoding = 4; lastKnownFileType = sourcecode.c.h; path = _CJSONDataSerializer.h; sourceTree = "<group>"; };
		99EB5D671368405C001094BF /* _CJSONDataSerializer.m */ = {isa = PBXFileReference; fileEncoding = 4; lastKnownFileType = sourcecode.c.objc; path = _CJSONDataSerializer.m; sourceTree = "<group>"; };
		99EB5D681368405C001094BF /* _CJSONDeserializer.h */ = {isa = PBXFileReference; fileEncoding = 4; lastKnownFileType = sourcecode.c.h; path = _CJSONDeserializer.h; sourceTree = "<group>"; };
		99EB5D691368405C001094BF /* _CJSONDeserializer.m */ = {isa = PBXFileReference; fileEncoding = 4; lastKnownFileType = sourcecode.c.objc; path = _CJSONDeserializer.m; sourceTree = "<group>"; };
		99EB5D6A1368405C001094BF /* _CJSONScanner.h */ = {isa = PBXFileReference; fileEncoding = 4; lastKnownFileType = sourcecode.c.h; path = _CJSONScanner.h; sourceTree = "<group>"; };
		99EB5D6B1368405C001094BF /* _CJSONScanner.m */ = {isa = PBXFileReference; fileEncoding = 4; lastKnownFileType = sourcecode.c.objc; path = _CJSONScanner.m; sourceTree = "<group>"; };
		99EB5D6C1368405C001094BF /* _CJSONSerializer.h */ = {isa = PBXFileReference; fileEncoding = 4; lastKnownFileType = sourcecode.c.h; path = _CJSONSerializer.h; sourceTree = "<group>"; };
		99EB5D6D1368405C001094BF /* _CJSONSerializer.m */ = {isa = PBXFileReference; fileEncoding = 4; lastKnownFileType = sourcecode.c.objc; path = _CJSONSerializer.m; sourceTree = "<group>"; };
		99EB5D6E1368405C001094BF /* _CSerializedJSONData.h */ = {isa = PBXFileReference; fileEncoding = 4; lastKnownFileType = sourcecode.c.h; path = _CSerializedJSONData.h; sourceTree = "<group>"; };
		99EB5D6F1368405C001094BF /* _CSerializedJSONData.m */ = {isa = PBXFileReference; fileEncoding = 4; lastKnownFileType = sourcecode.c.objc; path = _CSerializedJSONData.m; sourceTree = "<group>"; };
		99EC79E111D7C830002C472B /* M3CoreData.h */ = {isa = PBXFileReference; fileEncoding = 4; lastKnownFileType = sourcecode.c.h; path = M3CoreData.h; sourceTree = "<group>"; };
		99FBCD1F162588F80040801E /* M3FixtureControllerTests.h */ = {isa = PBXFileReference; fileEncoding = 4; lastKnownFileType = sourcecode.c.h; path = M3FixtureControllerTests.h; sourceTree = "<group>"; };
		99FBCD20162588F80040801E /* M3FixtureControllerTests.m */ = {isa = PBXFileReference; fileEncoding = 4; lastKnownFileType = sourcecode.c.objc; path = M3FixtureControllerTests.m; sourceTree = "<group>"; };
		99FBCD22162589120040801E /* NSManagedObjectContext+M3ExtensionsTests.h */ = {isa = PBXFileReference; fileEncoding = 4; lastKnownFileType = sourcecode.c.h; path = "NSManagedObjectContext+M3ExtensionsTests.h"; sourceTree = "<group>"; };
		99FBCD23162589120040801E /* NSManagedObjectContext+M3ExtensionsTests.m */ = {isa = PBXFileReference; fileEncoding = 4; lastKnownFileType = sourcecode.c.objc; path = "NSManagedObjectContext+M3ExtensionsTests.m"; sourceTree = "<group>"; };
		99FBCD25162589220040801E /* M3CoreDataManagerTests.h */ = {isa = PBXFileReference; fileEncoding = 4; lastKnownFileType = sourcecode.c.h; path = M3CoreDataManagerTests.h; sourceTree = "<group>"; };
		99FBCD26162589220040801E /* M3CoreDataManagerTests.m */ = {isa = PBXFileReference; fileEncoding = 4; lastKnownFileType = sourcecode.c.objc; path = M3CoreDataManagerTests.m; sourceTree = "<group>"; };
		99FBCD2C16259DCF0040801E /* M3TestManagedObjectContext.h */ = {isa = PBXFileReference; fileEncoding = 4; lastKnownFileType = sourcecode.c.h; path = M3TestManagedObjectContext.h; sourceTree = "<group>"; };
		99FBCD2D16259DCF0040801E /* M3TestManagedObjectContext.m */ = {isa = PBXFileReference; fileEncoding = 4; lastKnownFileType = sourcecode.c.objc; path = M3TestManagedObjectContext.m; sourceTree = "<group>"; };
		99FBCD301625A3070040801E /* M3CustomManagedObject.h */ = {isa = PBXFileReference; fileEncoding = 4; lastKnownFileType = sourcecode.c.h; path = M3CustomManagedObject.h; sourceTree = "<group>"; };
		99FBCD311625A3070040801E /* M3CustomManagedObject.m */ = {isa = PBXFileReference; fileEncoding = 4; lastKnownFileType = sourcecode.c.objc; path = M3CustomManagedObject.m; sourceTree = "<group>"; };
		D2F7E79907B2D74100F64583 /* CoreData.framework */ = {isa = PBXFileReference; lastKnownFileType = wrapper.framework; name = CoreData.framework; path = /System/Library/Frameworks/CoreData.framework; sourceTree = "<absolute>"; };
/* End PBXFileReference section */

/* Begin PBXFrameworksBuildPhase section */
		8DC2EF560486A6940098B216 /* Frameworks */ = {
			isa = PBXFrameworksBuildPhase;
			buildActionMask = 2147483647;
			files = (
				8DC2EF570486A6940098B216 /* Cocoa.framework in Frameworks */,
			);
			runOnlyForDeploymentPostprocessing = 0;
		};
		99EB5D0F13683B2B001094BF /* Frameworks */ = {
			isa = PBXFrameworksBuildPhase;
			buildActionMask = 2147483647;
			files = (
				991C54AF136853CD007E307A /* M3CoreData.framework in Frameworks */,
				99EB5D1613683B2B001094BF /* Cocoa.framework in Frameworks */,
				991C4DB51573D59100CC43F3 /* OCHamcrest.framework in Frameworks */,
			);
			runOnlyForDeploymentPostprocessing = 0;
		};
/* End PBXFrameworksBuildPhase section */

/* Begin PBXGroup section */
		034768DFFF38A50411DB9C8B /* Products */ = {
			isa = PBXGroup;
			children = (
				99EB5D1313683B2B001094BF /* M3CoreData Tests.octest */,
			);
			name = Products;
			sourceTree = "<group>";
		};
		0867D691FE84028FC02AAC07 /* M3CoreData */ = {
			isa = PBXGroup;
			children = (
				08FB77AEFE84172EC02AAC07 /* M3CoreData */,
				99C3A0451572C25700A6CAD5 /* Dependencies */,
				0867D69AFE84028FC02AAC07 /* External Frameworks and Libraries */,
				99EB5D1B13683B2B001094BF /* M3CoreData Tests */,
				99EB5D1413683B2B001094BF /* Frameworks */,
				034768DFFF38A50411DB9C8B /* Products */,
				8DC2EF5B0486A6940098B216 /* M3CoreData.framework */,
			);
			name = M3CoreData;
			sourceTree = "<group>";
		};
		0867D69AFE84028FC02AAC07 /* External Frameworks and Libraries */ = {
			isa = PBXGroup;
			children = (
				1058C7B0FEA5585E11CA2CBB /* Linked Frameworks */,
				1058C7B2FEA5585E11CA2CBB /* Other Frameworks */,
			);
			name = "External Frameworks and Libraries";
			sourceTree = "<group>";
		};
		089C1665FE841158C02AAC07 /* Resources */ = {
			isa = PBXGroup;
			children = (
				089C1666FE841158C02AAC07 /* InfoPlist.strings */,
			);
			path = Resources;
			sourceTree = "<group>";
		};
		08FB77AEFE84172EC02AAC07 /* M3CoreData */ = {
			isa = PBXGroup;
			children = (
				99C3A0461572C27100A6CAD5 /* Source */,
				32C88DFF0371C24200C91783 /* Other Sources */,
				089C1665FE841158C02AAC07 /* Resources */,
			);
			path = M3CoreData;
			sourceTree = "<group>";
		};
		1058C7B0FEA5585E11CA2CBB /* Linked Frameworks */ = {
			isa = PBXGroup;
			children = (
				1058C7B1FEA5585E11CA2CBB /* Cocoa.framework */,
			);
			name = "Linked Frameworks";
			sourceTree = "<group>";
		};
		1058C7B2FEA5585E11CA2CBB /* Other Frameworks */ = {
			isa = PBXGroup;
			children = (
				0867D6A5FE840307C02AAC07 /* AppKit.framework */,
				D2F7E79907B2D74100F64583 /* CoreData.framework */,
				0867D69BFE84028FC02AAC07 /* Foundation.framework */,
			);
			name = "Other Frameworks";
			sourceTree = "<group>";
		};
		32C88DFF0371C24200C91783 /* Other Sources */ = {
			isa = PBXGroup;
			children = (
				8DC2EF5A0486A6940098B216 /* Info.plist */,
				991C4DC51573E85700CC43F3 /* Info.plist.prefix */,
				32DBCF5E0370ADEE00C91783 /* M3CoreData_Prefix.pch */,
			);
			name = "Other Sources";
			sourceTree = "<group>";
		};
		992B8449161DB70C00814095 /* Private */ = {
			isa = PBXGroup;
			children = (
				99A89698136DA04300757DE5 /* M3JSONStore.h */,
				99A89699136DA04300757DE5 /* M3JSONStore.m */,
			);
			name = Private;
			sourceTree = "<group>";
		};
		99C3A0451572C25700A6CAD5 /* Dependencies */ = {
			isa = PBXGroup;
			children = (
				991C4DB31573D58100CC43F3 /* OCHamcrest.framework */,
				99EB5D591368405C001094BF /* TouchJSON */,
			);
			path = Dependencies;
			sourceTree = "<group>";
		};
		99C3A0461572C27100A6CAD5 /* Source */ = {
			isa = PBXGroup;
			children = (
				99EC79E111D7C830002C472B /* M3CoreData.h */,
				99C3A0411572B8D100A6CAD5 /* M3CoreDataConstants.h */,
				99C3A0421572B8D100A6CAD5 /* M3CoreDataConstants.m */,
				9972E45B11B7EEE300E322E5 /* M3CoreDataManager.h */,
				9972E45C11B7EEE300E322E5 /* M3CoreDataManager.m */,
				99EB5D0A1368387A001094BF /* M3JSONAtomicStore.h */,
				99EB5D0B1368387A001094BF /* M3JSONAtomicStore.m */,
				99A89696136DA04300757DE5 /* M3FixtureController.h */,
				99A89697136DA04300757DE5 /* M3FixtureController.m */,
				99B68A7612B4EDC9008E12F3 /* NSManagedObjectContext+M3Extensions.h */,
				99B68A7712B4EDC9008E12F3 /* NSManagedObjectContext+M3Extensions.m */,
				992B8449161DB70C00814095 /* Private */,
			);
			path = Source;
			sourceTree = "<group>";
		};
		99EB5D1413683B2B001094BF /* Frameworks */ = {
			isa = PBXGroup;
			children = (
				99EB5D1513683B2B001094BF /* Cocoa.framework */,
				99EB5D1713683B2B001094BF /* Other Frameworks */,
			);
			name = Frameworks;
			sourceTree = "<group>";
		};
		99EB5D1713683B2B001094BF /* Other Frameworks */ = {
			isa = PBXGroup;
			children = (
				99EB5D1813683B2B001094BF /* AppKit.framework */,
				99EB5D1913683B2B001094BF /* CoreData.framework */,
				99EB5D1A13683B2B001094BF /* Foundation.framework */,
			);
			name = "Other Frameworks";
			sourceTree = "<group>";
		};
		99EB5D1B13683B2B001094BF /* M3CoreData Tests */ = {
			isa = PBXGroup;
			children = (
				99FBCD25162589220040801E /* M3CoreDataManagerTests.h */,
				99FBCD26162589220040801E /* M3CoreDataManagerTests.m */,
				99EB5D2913683BB7001094BF /* M3JSONAtomicStoreTests.h */,
				99EB5D2A13683BB7001094BF /* M3JSONAtomicStoreTests.m */,
				991C4DC21573E55F00CC43F3 /* M3JSONStoreTests.h */,
				991C4DC31573E55F00CC43F3 /* M3JSONStoreTests.m */,
				99FBCD1F162588F80040801E /* M3FixtureControllerTests.h */,
				99FBCD20162588F80040801E /* M3FixtureControllerTests.m */,
				99FBCD22162589120040801E /* NSManagedObjectContext+M3ExtensionsTests.h */,
				99FBCD23162589120040801E /* NSManagedObjectContext+M3ExtensionsTests.m */,
				99FBCD2F16259DD30040801E /* Helpers */,
				99EB5D1C13683B2B001094BF /* Supporting Files */,
			);
			path = "M3CoreData Tests";
			sourceTree = "<group>";
		};
		99EB5D1C13683B2B001094BF /* Supporting Files */ = {
			isa = PBXGroup;
			children = (
				99EB5D1D13683B2B001094BF /* M3CoreData Tests-Info.plist */,
				99EB5D1E13683B2B001094BF /* InfoPlist.strings */,
				99EB5D2113683B2B001094BF /* M3CoreData Tests-Prefix.pch */,
			);
			name = "Supporting Files";
			sourceTree = "<group>";
		};
		99EB5D591368405C001094BF /* TouchJSON */ = {
			isa = PBXGroup;
			children = (
				99EB5D5A1368405C001094BF /* _CDataScanner.h */,
				99EB5D5B1368405C001094BF /* _CDataScanner.m */,
				99EB5D5C1368405C001094BF /* Extensions */,
				99EB5D651368405C001094BF /* JSON */,
			);
			path = TouchJSON;
			sourceTree = "<group>";
		};
		99EB5D5C1368405C001094BF /* Extensions */ = {
			isa = PBXGroup;
			children = (
				99EB5D5D1368405C001094BF /* CDataScanner_Extensions.h */,
				99EB5D5E1368405C001094BF /* CDataScanner_Extensions.m */,
				99EB5D5F1368405C001094BF /* NSCharacterSet_Extensions.h */,
				99EB5D601368405C001094BF /* NSCharacterSet_Extensions.m */,
				99EB5D631368405C001094BF /* NSScanner_Extensions.h */,
				99EB5D641368405C001094BF /* NSScanner_Extensions.m */,
			);
			path = Extensions;
			sourceTree = "<group>";
		};
		99EB5D651368405C001094BF /* JSON */ = {
			isa = PBXGroup;
			children = (
				99EB5D661368405C001094BF /* _CJSONDataSerializer.h */,
				99EB5D671368405C001094BF /* _CJSONDataSerializer.m */,
				99EB5D681368405C001094BF /* _CJSONDeserializer.h */,
				99EB5D691368405C001094BF /* _CJSONDeserializer.m */,
				99EB5D6A1368405C001094BF /* _CJSONScanner.h */,
				99EB5D6B1368405C001094BF /* _CJSONScanner.m */,
				99EB5D6C1368405C001094BF /* _CJSONSerializer.h */,
				99EB5D6D1368405C001094BF /* _CJSONSerializer.m */,
				99EB5D6E1368405C001094BF /* _CSerializedJSONData.h */,
				99EB5D6F1368405C001094BF /* _CSerializedJSONData.m */,
			);
			path = JSON;
			sourceTree = "<group>";
		};
		99FBCD2F16259DD30040801E /* Helpers */ = {
			isa = PBXGroup;
			children = (
				99FBCD2C16259DCF0040801E /* M3TestManagedObjectContext.h */,
				99FBCD2D16259DCF0040801E /* M3TestManagedObjectContext.m */,
				99FBCD301625A3070040801E /* M3CustomManagedObject.h */,
				99FBCD311625A3070040801E /* M3CustomManagedObject.m */,
			);
			name = Helpers;
			sourceTree = "<group>";
		};
/* End PBXGroup section */

/* Begin PBXHeadersBuildPhase section */
		8DC2EF500486A6940098B216 /* Headers */ = {
			isa = PBXHeadersBuildPhase;
			buildActionMask = 2147483647;
			files = (
				9972E45D11B7EEE300E322E5 /* M3CoreDataManager.h in Headers */,
				99B68A7812B4EDC9008E12F3 /* NSManagedObjectContext+M3Extensions.h in Headers */,
				99EB5D0C1368387A001094BF /* M3JSONAtomicStore.h in Headers */,
				99EC79E211D7C830002C472B /* M3CoreData.h in Headers */,
				99EB5D701368405C001094BF /* _CDataScanner.h in Headers */,
				99EB5D721368405C001094BF /* CDataScanner_Extensions.h in Headers */,
				99EB5D741368405C001094BF /* NSCharacterSet_Extensions.h in Headers */,
				99EB5D781368405C001094BF /* NSScanner_Extensions.h in Headers */,
				99EB5D7A1368405C001094BF /* _CJSONDataSerializer.h in Headers */,
				99EB5D7C1368405C001094BF /* _CJSONDeserializer.h in Headers */,
				99EB5D7E1368405C001094BF /* _CJSONScanner.h in Headers */,
				99EB5D801368405C001094BF /* _CJSONSerializer.h in Headers */,
				99EB5D821368405D001094BF /* _CSerializedJSONData.h in Headers */,
				99A8969A136DA04300757DE5 /* M3FixtureController.h in Headers */,
				99A8969C136DA04300757DE5 /* M3JSONStore.h in Headers */,
				99C3A0431572B8D100A6CAD5 /* M3CoreDataConstants.h in Headers */,
			);
			runOnlyForDeploymentPostprocessing = 0;
		};
/* End PBXHeadersBuildPhase section */

/* Begin PBXNativeTarget section */
		8DC2EF4F0486A6940098B216 /* M3CoreData */ = {
			isa = PBXNativeTarget;
			buildConfigurationList = 1DEB91AD08733DA50010E9CD /* Build configuration list for PBXNativeTarget "M3CoreData" */;
			buildPhases = (
				8DC2EF500486A6940098B216 /* Headers */,
				8DC2EF520486A6940098B216 /* Resources */,
				8DC2EF540486A6940098B216 /* Sources */,
				8DC2EF560486A6940098B216 /* Frameworks */,
			);
			buildRules = (
			);
			dependencies = (
				991C4DCD1573E96200CC43F3 /* PBXTargetDependency */,
			);
			name = M3CoreData;
			productInstallPath = "$(HOME)/Library/Frameworks";
			productName = M3CoreData;
			productReference = 8DC2EF5B0486A6940098B216 /* M3CoreData.framework */;
			productType = "com.apple.product-type.framework";
		};
		99EB5D1213683B2B001094BF /* M3CoreData Tests */ = {
			isa = PBXNativeTarget;
			buildConfigurationList = 99EB5D2613683B2B001094BF /* Build configuration list for PBXNativeTarget "M3CoreData Tests" */;
			buildPhases = (
				99EB5D0E13683B2B001094BF /* Sources */,
				99EB5D0F13683B2B001094BF /* Frameworks */,
				99EB5D1013683B2B001094BF /* Resources */,
				991C4DB61573D5AD00CC43F3 /* CopyFiles */,
				99EB5D1113683B2B001094BF /* ShellScript */,
			);
			buildRules = (
			);
			dependencies = (
				991C4DC11573D8F300CC43F3 /* PBXTargetDependency */,
			);
			name = "M3CoreData Tests";
			productName = "M3CoreData Tests";
			productReference = 99EB5D1313683B2B001094BF /* M3CoreData Tests.octest */;
			productType = "com.apple.product-type.bundle";
		};
/* End PBXNativeTarget section */

/* Begin PBXProject section */
		0867D690FE84028FC02AAC07 /* Project object */ = {
			isa = PBXProject;
			attributes = {
				CLASSPREFIX = M3;
				LastUpgradeCheck = 0450;
				ORGANIZATIONNAME = "M Cubed Software";
			};
			buildConfigurationList = 1DEB91B108733DA50010E9CD /* Build configuration list for PBXProject "M3CoreData" */;
			compatibilityVersion = "Xcode 3.2";
			developmentRegion = English;
			hasScannedForEncodings = 1;
			knownRegions = (
				en,
			);
			mainGroup = 0867D691FE84028FC02AAC07 /* M3CoreData */;
			productRefGroup = 034768DFFF38A50411DB9C8B /* Products */;
			projectDirPath = "";
			projectRoot = "";
			targets = (
				8DC2EF4F0486A6940098B216 /* M3CoreData */,
				99EB5D1213683B2B001094BF /* M3CoreData Tests */,
				991C4DC71573E91600CC43F3 /* Process Build Numbers */,
			);
		};
/* End PBXProject section */

/* Begin PBXResourcesBuildPhase section */
		8DC2EF520486A6940098B216 /* Resources */ = {
			isa = PBXResourcesBuildPhase;
			buildActionMask = 2147483647;
			files = (
				8DC2EF530486A6940098B216 /* InfoPlist.strings in Resources */,
			);
			runOnlyForDeploymentPostprocessing = 0;
		};
		99EB5D1013683B2B001094BF /* Resources */ = {
			isa = PBXResourcesBuildPhase;
			buildActionMask = 2147483647;
			files = (
				99EB5D2013683B2B001094BF /* InfoPlist.strings in Resources */,
			);
			runOnlyForDeploymentPostprocessing = 0;
		};
/* End PBXResourcesBuildPhase section */

/* Begin PBXShellScriptBuildPhase section */
		991C4DCB1573E91C00CC43F3 /* ShellScript */ = {
			isa = PBXShellScriptBuildPhase;
			buildActionMask = 2147483647;
			files = (
			);
			inputPaths = (
				"$(SRCROOT)/M3CoreData/Info.plist.prefix",
			);
			outputPaths = (
				"$(DERIVED_FILE_DIR)/Info.plist.prefix",
			);
			runOnlyForDeploymentPostprocessing = 0;
			shellPath = /bin/sh;
			shellScript = "ruby \"${SRCROOT}/Scripts/processbuildnumbers.rb\"";
		};
		99EB5D1113683B2B001094BF /* ShellScript */ = {
			isa = PBXShellScriptBuildPhase;
			buildActionMask = 2147483647;
			files = (
			);
			inputPaths = (
			);
			outputPaths = (
			);
			runOnlyForDeploymentPostprocessing = 0;
			shellPath = /bin/sh;
			shellScript = "# Run the unit tests in this test bundle.\n\"${SYSTEM_DEVELOPER_DIR}/Tools/RunUnitTests\"\n";
		};
/* End PBXShellScriptBuildPhase section */

/* Begin PBXSourcesBuildPhase section */
		8DC2EF540486A6940098B216 /* Sources */ = {
			isa = PBXSourcesBuildPhase;
			buildActionMask = 2147483647;
			files = (
				9972E45E11B7EEE300E322E5 /* M3CoreDataManager.m in Sources */,
				99B68A7912B4EDC9008E12F3 /* NSManagedObjectContext+M3Extensions.m in Sources */,
				99EB5D0D1368387A001094BF /* M3JSONAtomicStore.m in Sources */,
				99EB5D711368405C001094BF /* _CDataScanner.m in Sources */,
				99EB5D731368405C001094BF /* CDataScanner_Extensions.m in Sources */,
				99EB5D751368405C001094BF /* NSCharacterSet_Extensions.m in Sources */,
				99EB5D791368405C001094BF /* NSScanner_Extensions.m in Sources */,
				99EB5D7B1368405C001094BF /* _CJSONDataSerializer.m in Sources */,
				99EB5D7D1368405C001094BF /* _CJSONDeserializer.m in Sources */,
				99EB5D7F1368405C001094BF /* _CJSONScanner.m in Sources */,
				99EB5D811368405C001094BF /* _CJSONSerializer.m in Sources */,
				99EB5D831368405D001094BF /* _CSerializedJSONData.m in Sources */,
				99A8969B136DA04300757DE5 /* M3FixtureController.m in Sources */,
				99A8969D136DA04300757DE5 /* M3JSONStore.m in Sources */,
				99C3A0441572B8D100A6CAD5 /* M3CoreDataConstants.m in Sources */,
			);
			runOnlyForDeploymentPostprocessing = 0;
		};
		99EB5D0E13683B2B001094BF /* Sources */ = {
			isa = PBXSourcesBuildPhase;
			buildActionMask = 2147483647;
			files = (
				99EB5D2B13683BB7001094BF /* M3JSONAtomicStoreTests.m in Sources */,
				991C4DC41573E55F00CC43F3 /* M3JSONStoreTests.m in Sources */,
				99FBCD21162588F80040801E /* M3FixtureControllerTests.m in Sources */,
				99FBCD24162589120040801E /* NSManagedObjectContext+M3ExtensionsTests.m in Sources */,
				99FBCD27162589220040801E /* M3CoreDataManagerTests.m in Sources */,
				99FBCD2E16259DD00040801E /* M3TestManagedObjectContext.m in Sources */,
				99FBCD321625A3070040801E /* M3CustomManagedObject.m in Sources */,
			);
			runOnlyForDeploymentPostprocessing = 0;
		};
/* End PBXSourcesBuildPhase section */

/* Begin PBXTargetDependency section */
		991C4DC11573D8F300CC43F3 /* PBXTargetDependency */ = {
			isa = PBXTargetDependency;
			target = 8DC2EF4F0486A6940098B216 /* M3CoreData */;
			targetProxy = 991C4DC01573D8F300CC43F3 /* PBXContainerItemProxy */;
		};
		991C4DCD1573E96200CC43F3 /* PBXTargetDependency */ = {
			isa = PBXTargetDependency;
			target = 991C4DC71573E91600CC43F3 /* Process Build Numbers */;
			targetProxy = 991C4DCC1573E96200CC43F3 /* PBXContainerItemProxy */;
		};
/* End PBXTargetDependency section */

/* Begin PBXVariantGroup section */
		089C1666FE841158C02AAC07 /* InfoPlist.strings */ = {
			isa = PBXVariantGroup;
			children = (
				089C1667FE841158C02AAC07 /* English */,
			);
			name = InfoPlist.strings;
			sourceTree = "<group>";
		};
		99EB5D1E13683B2B001094BF /* InfoPlist.strings */ = {
			isa = PBXVariantGroup;
			children = (
				99EB5D1F13683B2B001094BF /* en */,
			);
			name = InfoPlist.strings;
			sourceTree = "<group>";
		};
/* End PBXVariantGroup section */

/* Begin XCBuildConfiguration section */
		1DEB91AE08733DA50010E9CD /* Debug */ = {
			isa = XCBuildConfiguration;
			buildSettings = {
				ALWAYS_SEARCH_USER_PATHS = NO;
				CLANG_ENABLE_OBJC_ARC = YES;
				COMBINE_HIDPI_IMAGES = YES;
				COPY_PHASE_STRIP = NO;
				DYLIB_COMPATIBILITY_VERSION = 1;
				DYLIB_CURRENT_VERSION = 1;
				FRAMEWORK_SEARCH_PATHS = (
					"$(inherited)",
					"\"$(SRCROOT)/Dependencies\"",
				);
				FRAMEWORK_VERSION = A;
				GCC_DYNAMIC_NO_PIC = NO;
				GCC_OPTIMIZATION_LEVEL = 0;
				GCC_PRECOMPILE_PREFIX_HEADER = YES;
				GCC_PREFIX_HEADER = "$(TARGET_NAME)/M3CoreData_Prefix.pch";
				INFOPLIST_FILE = "$(TARGET_NAME)/Info.plist";
				INFOPLIST_PREFIX_HEADER = "$(TARGET_TEMP_DIR)/../Process Build Numbers.build/DerivedSources/Info.plist.prefix";
				INFOPLIST_PREPROCESS = YES;
				INSTALL_PATH = "@rpath";
				PRODUCT_NAME = M3CoreData;
				SDKROOT = macosx;
				WRAPPER_EXTENSION = framework;
			};
			name = Debug;
		};
		1DEB91AF08733DA50010E9CD /* Release */ = {
			isa = XCBuildConfiguration;
			buildSettings = {
				ALWAYS_SEARCH_USER_PATHS = NO;
				CLANG_ENABLE_OBJC_ARC = YES;
				COMBINE_HIDPI_IMAGES = YES;
				COPY_PHASE_STRIP = NO;
				DEBUG_INFORMATION_FORMAT = "dwarf-with-dsym";
				DYLIB_COMPATIBILITY_VERSION = 1;
				DYLIB_CURRENT_VERSION = 1;
				FRAMEWORK_SEARCH_PATHS = (
					"$(inherited)",
					"\"$(SRCROOT)/Dependencies\"",
				);
				FRAMEWORK_VERSION = A;
				GCC_PRECOMPILE_PREFIX_HEADER = YES;
				GCC_PREFIX_HEADER = "$(TARGET_NAME)/M3CoreData_Prefix.pch";
				INFOPLIST_FILE = "$(TARGET_NAME)/Info.plist";
				INFOPLIST_PREFIX_HEADER = "$(TARGET_TEMP_DIR)/../Process Build Numbers.build/DerivedSources/Info.plist.prefix";
				INFOPLIST_PREPROCESS = YES;
				INSTALL_PATH = "@rpath";
				PRODUCT_NAME = M3CoreData;
				RUN_CLANG_STATIC_ANALYZER = YES;
				SDKROOT = macosx;
				VALIDATE_PRODUCT = YES;
				WRAPPER_EXTENSION = framework;
			};
			name = Release;
		};
		1DEB91B208733DA50010E9CD /* Debug */ = {
			isa = XCBuildConfiguration;
			buildSettings = {
				ARCHS = "$(ARCHS_STANDARD_64_BIT)";
				GCC_C_LANGUAGE_STANDARD = gnu99;
				GCC_OPTIMIZATION_LEVEL = 0;
				GCC_VERSION = com.apple.compilers.llvm.clang.1_0;
				GCC_WARN_ABOUT_MISSING_PROTOTYPES = YES;
				GCC_WARN_ABOUT_RETURN_TYPE = YES;
				GCC_WARN_UNUSED_VARIABLE = YES;
				MACOSX_DEPLOYMENT_TARGET = 10.7;
				ONLY_ACTIVE_ARCH = YES;
				SDKROOT = macosx;
			};
			name = Debug;
		};
		1DEB91B308733DA50010E9CD /* Release */ = {
			isa = XCBuildConfiguration;
			buildSettings = {
				ARCHS = "$(ARCHS_STANDARD_64_BIT)";
				DEBUG_INFORMATION_FORMAT = "dwarf-with-dsym";
				GCC_C_LANGUAGE_STANDARD = gnu99;
				GCC_VERSION = com.apple.compilers.llvm.clang.1_0;
				GCC_WARN_ABOUT_MISSING_PROTOTYPES = YES;
				GCC_WARN_ABOUT_RETURN_TYPE = YES;
				GCC_WARN_UNUSED_VARIABLE = YES;
				MACOSX_DEPLOYMENT_TARGET = 10.7;
				SDKROOT = macosx;
			};
			name = Release;
		};
		991C4DC91573E91600CC43F3 /* Debug */ = {
			isa = XCBuildConfiguration;
			buildSettings = {
				COMBINE_HIDPI_IMAGES = YES;
				PRODUCT_NAME = "$(TARGET_NAME)";
			};
			name = Debug;
		};
		991C4DCA1573E91600CC43F3 /* Release */ = {
			isa = XCBuildConfiguration;
			buildSettings = {
				COMBINE_HIDPI_IMAGES = YES;
				PRODUCT_NAME = "$(TARGET_NAME)";
			};
			name = Release;
		};
		99EB5D2713683B2B001094BF /* Debug */ = {
			isa = XCBuildConfiguration;
			buildSettings = {
				ALWAYS_SEARCH_USER_PATHS = NO;
				ARCHS = "$(ARCHS_STANDARD_64_BIT)";
				CLANG_ENABLE_OBJC_ARC = YES;
				COMBINE_HIDPI_IMAGES = YES;
				COPY_PHASE_STRIP = NO;
				FRAMEWORK_SEARCH_PATHS = (
					"$(DEVELOPER_LIBRARY_DIR)/Frameworks",
					"\"$(SRCROOT)/Dependencies\"",
				);
				GCC_DYNAMIC_NO_PIC = NO;
				GCC_ENABLE_OBJC_EXCEPTIONS = YES;
				GCC_PRECOMPILE_PREFIX_HEADER = YES;
				GCC_PREFIX_HEADER = "M3CoreData Tests/M3CoreData Tests-Prefix.pch";
				GCC_PREPROCESSOR_DEFINITIONS = DEBUG;
				GCC_SYMBOLS_PRIVATE_EXTERN = NO;
				GCC_WARN_64_TO_32_BIT_CONVERSION = YES;
				INFOPLIST_FILE = "M3CoreData Tests/M3CoreData Tests-Info.plist";
				LD_RUNPATH_SEARCH_PATHS = "@loader_path/../Frameworks";
				OTHER_LDFLAGS = (
					"-framework",
					SenTestingKit,
				);
				PRODUCT_NAME = "$(TARGET_NAME)";
				SDKROOT = macosx;
				WRAPPER_EXTENSION = octest;
			};
			name = Debug;
		};
		99EB5D2813683B2B001094BF /* Release */ = {
			isa = XCBuildConfiguration;
			buildSettings = {
				ALWAYS_SEARCH_USER_PATHS = NO;
				ARCHS = "$(ARCHS_STANDARD_64_BIT)";
				CLANG_ENABLE_OBJC_ARC = YES;
				COMBINE_HIDPI_IMAGES = YES;
				COPY_PHASE_STRIP = YES;
				FRAMEWORK_SEARCH_PATHS = (
					"$(DEVELOPER_LIBRARY_DIR)/Frameworks",
					"\"$(SRCROOT)/Dependencies\"",
				);
				GCC_ENABLE_OBJC_EXCEPTIONS = YES;
				GCC_PRECOMPILE_PREFIX_HEADER = YES;
				GCC_PREFIX_HEADER = "M3CoreData Tests/M3CoreData Tests-Prefix.pch";
				GCC_WARN_64_TO_32_BIT_CONVERSION = YES;
				INFOPLIST_FILE = "M3CoreData Tests/M3CoreData Tests-Info.plist";
				LD_RUNPATH_SEARCH_PATHS = "@loader_path/../Frameworks";
				OTHER_LDFLAGS = (
					"-framework",
					SenTestingKit,
				);
				PRODUCT_NAME = "$(TARGET_NAME)";
				SDKROOT = macosx;
				WRAPPER_EXTENSION = octest;
			};
			name = Release;
		};
/* End XCBuildConfiguration section */

/* Begin XCConfigurationList section */
		1DEB91AD08733DA50010E9CD /* Build configuration list for PBXNativeTarget "M3CoreData" */ = {
			isa = XCConfigurationList;
			buildConfigurations = (
				1DEB91AE08733DA50010E9CD /* Debug */,
				1DEB91AF08733DA50010E9CD /* Release */,
			);
			defaultConfigurationIsVisible = 0;
			defaultConfigurationName = Release;
		};
		1DEB91B108733DA50010E9CD /* Build configuration list for PBXProject "M3CoreData" */ = {
			isa = XCConfigurationList;
			buildConfigurations = (
				1DEB91B208733DA50010E9CD /* Debug */,
				1DEB91B308733DA50010E9CD /* Release */,
			);
			defaultConfigurationIsVisible = 0;
			defaultConfigurationName = Release;
		};
		991C4DC81573E91600CC43F3 /* Build configuration list for PBXAggregateTarget "Process Build Numbers" */ = {
			isa = XCConfigurationList;
			buildConfigurations = (
				991C4DC91573E91600CC43F3 /* Debug */,
				991C4DCA1573E91600CC43F3 /* Release */,
			);
			defaultConfigurationIsVisible = 0;
			defaultConfigurationName = Release;
		};
		99EB5D2613683B2B001094BF /* Build configuration list for PBXNativeTarget "M3CoreData Tests" */ = {
			isa = XCConfigurationList;
			buildConfigurations = (
				99EB5D2713683B2B001094BF /* Debug */,
				99EB5D2813683B2B001094BF /* Release */,
			);
			defaultConfigurationIsVisible = 0;
			defaultConfigurationName = Release;
		};
/* End XCConfigurationList section */
	};
	rootObject = 0867D690FE84028FC02AAC07 /* Project object */;
}
